
Microsoft Visual Studio Solution File, Format Version 12.00
# Visual Studio 2013
VisualStudioVersion = 12.0.31101.0
MinimumVisualStudioVersion = 10.0.40219.1
Project("{FAE04EC0-301F-11D3-BF4B-00C04F79EFBC}") = "School", "SchoolSystem\School.csproj", "{B0536A7A-189C-48C0-AC00-758CA0EA42BA}"
EndProject
Project("{FAE04EC0-301F-11D3-BF4B-00C04F79EFBC}") = "School.Tests", "School.Tests\School.Tests.csproj", "{3C8E6EE1-4DFE-4061-882B-9C5529CA9B92}"
EndProject
Global
	GlobalSection(SolutionConfigurationPlatforms) = preSolution
		Debug|Any CPU = Debug|Any CPU
		Release|Any CPU = Release|Any CPU
	EndGlobalSection
	GlobalSection(ProjectConfigurationPlatforms) = postSolution
		{B0536A7A-189C-48C0-AC00-758CA0EA42BA}.Debug|Any CPU.ActiveCfg = Debug|Any CPU
		{B0536A7A-189C-48C0-AC00-758CA0EA42BA}.Debug|Any CPU.Build.0 = Debug|Any CPU
		{B0536A7A-189C-48C0-AC00-758CA0EA42BA}.Release|Any CPU.ActiveCfg = Release|Any CPU
		{B0536A7A-189C-48C0-AC00-758CA0EA42BA}.Release|Any CPU.Build.0 = Release|Any CPU
		{3C8E6EE1-4DFE-4061-882B-9C5529CA9B92}.Debug|Any CPU.ActiveCfg = Debug|Any CPU
		{3C8E6EE1-4DFE-4061-882B-9C5529CA9B92}.Debug|Any CPU.Build.0 = Debug|Any CPU
		{3C8E6EE1-4DFE-4061-882B-9C5529CA9B92}.Release|Any CPU.ActiveCfg = Release|Any CPU
		{3C8E6EE1-4DFE-4061-882B-9C5529CA9B92}.Release|Any CPU.Build.0 = Release|Any CPU
	EndGlobalSection
	GlobalSection(SolutionProperties) = preSolution
		HideSolutionNode = FALSE
	EndGlobalSection
EndGlobal
